// !$*UTF8*$!
{
	archiveVersion = 1;
	classes = {
	};
	objectVersion = 46;
	objects = {

/* Begin PBXBuildFile section */
		5623D1B61C4037420002447C /* HMPAppearance.m in Sources */ = {isa = PBXBuildFile; fileRef = 5623D1A61C4037420002447C /* HMPAppearance.m */; };
		5623D1B71C4037420002447C /* HMPColor.m in Sources */ = {isa = PBXBuildFile; fileRef = 5623D1A81C4037420002447C /* HMPColor.m */; };
		5623D1B81C4037420002447C /* HMPFont.m in Sources */ = {isa = PBXBuildFile; fileRef = 5623D1AA1C4037420002447C /* HMPFont.m */; };
		5623D1B91C4037420002447C /* .keep in Resources */ = {isa = PBXBuildFile; fileRef = 5623D1AC1C4037420002447C /* .keep */; };
		5623D1BA1C4037420002447C /* .keep in Resources */ = {isa = PBXBuildFile; fileRef = 5623D1AE1C4037420002447C /* .keep */; };
		568FB3101B208DBB0045CF0F /* KeychainManager.m in Sources */ = {isa = PBXBuildFile; fileRef = 568FB2E51B208DBB0045CF0F /* KeychainManager.m */; };
		568FB3111B208DBB0045CF0F /* UserDefaultsManager.m in Sources */ = {isa = PBXBuildFile; fileRef = 568FB2E81B208DBB0045CF0F /* UserDefaultsManager.m */; };
		568FB3131B208DBB0045CF0F /* AppDelegate.m in Sources */ = {isa = PBXBuildFile; fileRef = 568FB2F01B208DBB0045CF0F /* AppDelegate.m */; };
		568FB31E1B208E990045CF0F /* SFHFKeychainUtils.m in Sources */ = {isa = PBXBuildFile; fileRef = 568FB31D1B208E990045CF0F /* SFHFKeychainUtils.m */; settings = {COMPILER_FLAGS = "-fno-objc-arc"; }; };
		56B12CA51B18883C002019B6 /* hmprojectskeletonTests.m in Sources */ = {isa = PBXBuildFile; fileRef = 56B12CA41B18883C002019B6 /* hmprojectskeletonTests.m */; };
		56B12CEC1B188887002019B6 /* Images.xcassets in Resources */ = {isa = PBXBuildFile; fileRef = 56B12CDE1B188887002019B6 /* Images.xcassets */; };
		56B12CEE1B188887002019B6 /* main.m in Sources */ = {isa = PBXBuildFile; fileRef = 56B12CE11B188887002019B6 /* main.m */; };
		56CB19981BEA59AD0094F507 /* AnalyticsManager.m in Sources */ = {isa = PBXBuildFile; fileRef = 56CB19971BEA59AD0094F507 /* AnalyticsManager.m */; };
		570714351D5DBEE4004513C7 /* ProductListViewController.m in Sources */ = {isa = PBXBuildFile; fileRef = 570714341D5DBEE4004513C7 /* ProductListViewController.m */; };
		570714391D5DF347004513C7 /* PriceView.m in Sources */ = {isa = PBXBuildFile; fileRef = 570714381D5DF347004513C7 /* PriceView.m */; };
		5707143C1D5DF55B004513C7 /* QuantityButtonView.m in Sources */ = {isa = PBXBuildFile; fileRef = 5707143B1D5DF55B004513C7 /* QuantityButtonView.m */; };
		5707DBAC1D6AE91700503300 /* ArticlesTableViewController.m in Sources */ = {isa = PBXBuildFile; fileRef = 5707DBAB1D6AE91700503300 /* ArticlesTableViewController.m */; };
		5717BA551D60CE2900FDE55E /* ShoppingCartService.m in Sources */ = {isa = PBXBuildFile; fileRef = 5717BA541D60CE2900FDE55E /* ShoppingCartService.m */; };
		571AD4811D5B330B00718BF1 /* RootViewController.m in Sources */ = {isa = PBXBuildFile; fileRef = 571AD4801D5B330B00718BF1 /* RootViewController.m */; };
		571AD4851D5B33D000718BF1 /* SideMenuViewController.m in Sources */ = {isa = PBXBuildFile; fileRef = 571AD4841D5B33D000718BF1 /* SideMenuViewController.m */; };
		571AD4881D5B350E00718BF1 /* Shop.m in Sources */ = {isa = PBXBuildFile; fileRef = 571AD4871D5B350E00718BF1 /* Shop.m */; };
		571AD48B1D5B351600718BF1 /* Product.m in Sources */ = {isa = PBXBuildFile; fileRef = 571AD48A1D5B351600718BF1 /* Product.m */; };
		571AD48E1D5B352100718BF1 /* Category.m in Sources */ = {isa = PBXBuildFile; fileRef = 571AD48D1D5B352100718BF1 /* Category.m */; };
		571AD4921D5B353F00718BF1 /* DatabaseManager.m in Sources */ = {isa = PBXBuildFile; fileRef = 571AD4911D5B353F00718BF1 /* DatabaseManager.m */; };
		571AD4951D5B397600718BF1 /* FirstAppDatabase.sqlite in Resources */ = {isa = PBXBuildFile; fileRef = 571AD4941D5B397600718BF1 /* FirstAppDatabase.sqlite */; };
		571AD4981D5B3AC300718BF1 /* ShopService.m in Sources */ = {isa = PBXBuildFile; fileRef = 571AD4971D5B3AC300718BF1 /* ShopService.m */; };
		571AD4A31D5B3E4500718BF1 /* ShopTableViewCell.m in Sources */ = {isa = PBXBuildFile; fileRef = 571AD4A21D5B3E4500718BF1 /* ShopTableViewCell.m */; };
		571AD4A71D5B4E6800718BF1 /* ShopDetailViewController.m in Sources */ = {isa = PBXBuildFile; fileRef = 571AD4A61D5B4E6800718BF1 /* ShopDetailViewController.m */; };
		571AD4AA1D5B4E7D00718BF1 /* LocationService.m in Sources */ = {isa = PBXBuildFile; fileRef = 571AD4A91D5B4E7D00718BF1 /* LocationService.m */; };
		571AD4AE1D5B4FB500718BF1 /* CoreLocation.framework in Frameworks */ = {isa = PBXBuildFile; fileRef = 571AD4AD1D5B4FB500718BF1 /* CoreLocation.framework */; };
		571E78891D6700C50018A688 /* BaseViewController.m in Sources */ = {isa = PBXBuildFile; fileRef = 571E78881D6700C50018A688 /* BaseViewController.m */; };
		571EE8561D6C33300096EFBD /* ArticleDetailViewController.m in Sources */ = {isa = PBXBuildFile; fileRef = 571EE8551D6C33300096EFBD /* ArticleDetailViewController.m */; };
		5726671A1D62E91B00DFA34A /* NSUserDefaultsConstants.m in Sources */ = {isa = PBXBuildFile; fileRef = 572667191D62E91B00DFA34A /* NSUserDefaultsConstants.m */; };
		5726671E1D62F0AA00DFA34A /* DatabaseConstants.m in Sources */ = {isa = PBXBuildFile; fileRef = 5726671D1D62F0AA00DFA34A /* DatabaseConstants.m */; };
		572667211D62F3F700DFA34A /* NSDictionaryConstants.m in Sources */ = {isa = PBXBuildFile; fileRef = 572667201D62F3F700DFA34A /* NSDictionaryConstants.m */; };
		572722431D5E68530065705E /* ShoppingCartViewController.m in Sources */ = {isa = PBXBuildFile; fileRef = 572722421D5E68530065705E /* ShoppingCartViewController.m */; };
		572DDA1E1D5C971500969F3B /* ProductDetailViewController.m in Sources */ = {isa = PBXBuildFile; fileRef = 572DDA1D1D5C971500969F3B /* ProductDetailViewController.m */; };
		574E38E41D6B35A600942A53 /* LoadArticlesOperation.m in Sources */ = {isa = PBXBuildFile; fileRef = 574E38E31D6B35A600942A53 /* LoadArticlesOperation.m */; };
		574E38E71D6B36D700942A53 /* ArticleParser.m in Sources */ = {isa = PBXBuildFile; fileRef = 574E38E61D6B36D700942A53 /* ArticleParser.m */; };
		574E38EA1D6B37D200942A53 /* Article.m in Sources */ = {isa = PBXBuildFile; fileRef = 574E38E91D6B37D200942A53 /* Article.m */; };
		574E38ED1D6B38DE00942A53 /* ArticleService.m in Sources */ = {isa = PBXBuildFile; fileRef = 574E38EC1D6B38DE00942A53 /* ArticleService.m */; };
		577AE2411D64868F00C5384C /* ShopCategories.m in Sources */ = {isa = PBXBuildFile; fileRef = 577AE2401D64868F00C5384C /* ShopCategories.m */; };
		577AE2471D658DBA00C5384C /* CategoryProductService.m in Sources */ = {isa = PBXBuildFile; fileRef = 577AE2461D658DBA00C5384C /* CategoryProductService.m */; };
		57B2870F1D5FB23100D44FF0 /* QuartzCore.framework in Frameworks */ = {isa = PBXBuildFile; fileRef = 57B2870E1D5FB23100D44FF0 /* QuartzCore.framework */; };
		57C116311D6C21FF00824339 /* ArticleCollectionViewCell.m in Sources */ = {isa = PBXBuildFile; fileRef = 57C116301D6C21FF00824339 /* ArticleCollectionViewCell.m */; };
		57D2108A1D6AEF14005D3FA3 /* .keep in Resources */ = {isa = PBXBuildFile; fileRef = 57D210811D6AEF14005D3FA3 /* .keep */; };
		57D210931D6AF008005D3FA3 /* URLConstants.m in Sources */ = {isa = PBXBuildFile; fileRef = 57D210921D6AF008005D3FA3 /* URLConstants.m */; };
		57D2109A1D6B0132005D3FA3 /* ServerConstants.m in Sources */ = {isa = PBXBuildFile; fileRef = 57D210991D6B0132005D3FA3 /* ServerConstants.m */; };
		57E241831D5BD64B00275042 /* ProductTableViewCell.m in Sources */ = {isa = PBXBuildFile; fileRef = 57E241821D5BD64B00275042 /* ProductTableViewCell.m */; };
		C138D60B0BD077407EBE5916 /* libPods-hmprojectskeleton.a in Frameworks */ = {isa = PBXBuildFile; fileRef = DC3E2CC9C0CED3E0C9AD5E67 /* libPods-hmprojectskeleton.a */; };
/* End PBXBuildFile section */

/* Begin PBXContainerItemProxy section */
		56B12C9F1B18883C002019B6 /* PBXContainerItemProxy */ = {
			isa = PBXContainerItemProxy;
			containerPortal = 56B12C7D1B18883C002019B6 /* Project object */;
			proxyType = 1;
			remoteGlobalIDString = 56B12C841B18883C002019B6;
			remoteInfo = hmprojectskeleton;
		};
/* End PBXContainerItemProxy section */

/* Begin PBXFileReference section */
		34EFC55C27A6E42667F3A697 /* libPods.a */ = {isa = PBXFileReference; explicitFileType = archive.ar; includeInIndex = 0; path = libPods.a; sourceTree = BUILT_PRODUCTS_DIR; };
		496C6EBBA7EADC2C17B73FC0 /* Pods.release.xcconfig */ = {isa = PBXFileReference; includeInIndex = 1; lastKnownFileType = text.xcconfig; name = Pods.release.xcconfig; path = "Pods/Target Support Files/Pods/Pods.release.xcconfig"; sourceTree = "<group>"; };
		5623D1A51C4037420002447C /* HMPAppearance.h */ = {isa = PBXFileReference; fileEncoding = 4; lastKnownFileType = sourcecode.c.h; path = HMPAppearance.h; sourceTree = "<group>"; };
		5623D1A61C4037420002447C /* HMPAppearance.m */ = {isa = PBXFileReference; fileEncoding = 4; lastKnownFileType = sourcecode.c.objc; path = HMPAppearance.m; sourceTree = "<group>"; };
		5623D1A71C4037420002447C /* HMPColor.h */ = {isa = PBXFileReference; fileEncoding = 4; lastKnownFileType = sourcecode.c.h; path = HMPColor.h; sourceTree = "<group>"; };
		5623D1A81C4037420002447C /* HMPColor.m */ = {isa = PBXFileReference; fileEncoding = 4; lastKnownFileType = sourcecode.c.objc; path = HMPColor.m; sourceTree = "<group>"; };
		5623D1A91C4037420002447C /* HMPFont.h */ = {isa = PBXFileReference; fileEncoding = 4; lastKnownFileType = sourcecode.c.h; path = HMPFont.h; sourceTree = "<group>"; };
		5623D1AA1C4037420002447C /* HMPFont.m */ = {isa = PBXFileReference; fileEncoding = 4; lastKnownFileType = sourcecode.c.objc; path = HMPFont.m; sourceTree = "<group>"; };
		5623D1AC1C4037420002447C /* .keep */ = {isa = PBXFileReference; lastKnownFileType = file; path = .keep; sourceTree = "<group>"; };
		5623D1AE1C4037420002447C /* .keep */ = {isa = PBXFileReference; lastKnownFileType = file; path = .keep; sourceTree = "<group>"; };
		567E39021B1DA84500613709 /* Crashlytics.framework */ = {isa = PBXFileReference; lastKnownFileType = wrapper.framework; name = Crashlytics.framework; path = Pods/Fabric/Crashlytics.framework; sourceTree = "<group>"; };
		567E39041B1DA84E00613709 /* Fabric.framework */ = {isa = PBXFileReference; lastKnownFileType = wrapper.framework; name = Fabric.framework; path = Pods/Fabric/Fabric.framework; sourceTree = "<group>"; };
		568FB2CA1B208DBB0045CF0F /* Constants.h */ = {isa = PBXFileReference; fileEncoding = 4; lastKnownFileType = sourcecode.c.h; path = Constants.h; sourceTree = "<group>"; };
		568FB2E41B208DBB0045CF0F /* KeychainManager.h */ = {isa = PBXFileReference; fileEncoding = 4; lastKnownFileType = sourcecode.c.h; path = KeychainManager.h; sourceTree = "<group>"; };
		568FB2E51B208DBB0045CF0F /* KeychainManager.m */ = {isa = PBXFileReference; fileEncoding = 4; lastKnownFileType = sourcecode.c.objc; path = KeychainManager.m; sourceTree = "<group>"; };
		568FB2E71B208DBB0045CF0F /* UserDefaultsManager.h */ = {isa = PBXFileReference; fileEncoding = 4; lastKnownFileType = sourcecode.c.h; path = UserDefaultsManager.h; sourceTree = "<group>"; };
		568FB2E81B208DBB0045CF0F /* UserDefaultsManager.m */ = {isa = PBXFileReference; fileEncoding = 4; lastKnownFileType = sourcecode.c.objc; path = UserDefaultsManager.m; sourceTree = "<group>"; };
		568FB2EF1B208DBB0045CF0F /* AppDelegate.h */ = {isa = PBXFileReference; fileEncoding = 4; lastKnownFileType = sourcecode.c.h; path = AppDelegate.h; sourceTree = "<group>"; };
		568FB2F01B208DBB0045CF0F /* AppDelegate.m */ = {isa = PBXFileReference; fileEncoding = 4; lastKnownFileType = sourcecode.c.objc; path = AppDelegate.m; sourceTree = "<group>"; };
		568FB31C1B208E990045CF0F /* SFHFKeychainUtils.h */ = {isa = PBXFileReference; fileEncoding = 4; lastKnownFileType = sourcecode.c.h; path = SFHFKeychainUtils.h; sourceTree = "<group>"; };
		568FB31D1B208E990045CF0F /* SFHFKeychainUtils.m */ = {isa = PBXFileReference; fileEncoding = 4; lastKnownFileType = sourcecode.c.objc; path = SFHFKeychainUtils.m; sourceTree = "<group>"; };
		56B12C851B18883C002019B6 /* hmprojectskeleton.app */ = {isa = PBXFileReference; explicitFileType = wrapper.application; includeInIndex = 0; path = hmprojectskeleton.app; sourceTree = BUILT_PRODUCTS_DIR; };
		56B12C9E1B18883C002019B6 /* hmprojectskeletonTests.xctest */ = {isa = PBXFileReference; explicitFileType = wrapper.cfbundle; includeInIndex = 0; path = hmprojectskeletonTests.xctest; sourceTree = BUILT_PRODUCTS_DIR; };
		56B12CA31B18883C002019B6 /* Info.plist */ = {isa = PBXFileReference; lastKnownFileType = text.plist.xml; path = Info.plist; sourceTree = "<group>"; };
		56B12CA41B18883C002019B6 /* hmprojectskeletonTests.m */ = {isa = PBXFileReference; lastKnownFileType = sourcecode.c.objc; path = hmprojectskeletonTests.m; sourceTree = "<group>"; };
		56B12CDE1B188887002019B6 /* Images.xcassets */ = {isa = PBXFileReference; lastKnownFileType = folder.assetcatalog; path = Images.xcassets; sourceTree = "<group>"; };
		56B12CE01B188887002019B6 /* Info.plist */ = {isa = PBXFileReference; fileEncoding = 4; lastKnownFileType = text.plist.xml; path = Info.plist; sourceTree = "<group>"; };
		56B12CE11B188887002019B6 /* main.m */ = {isa = PBXFileReference; fileEncoding = 4; lastKnownFileType = sourcecode.c.objc; path = main.m; sourceTree = "<group>"; };
		56B12CE21B188887002019B6 /* PrefixHeader.pch */ = {isa = PBXFileReference; fileEncoding = 4; lastKnownFileType = sourcecode.c.h; path = PrefixHeader.pch; sourceTree = "<group>"; };
		56CB19961BEA59AD0094F507 /* AnalyticsManager.h */ = {isa = PBXFileReference; fileEncoding = 4; lastKnownFileType = sourcecode.c.h; path = AnalyticsManager.h; sourceTree = "<group>"; };
		56CB19971BEA59AD0094F507 /* AnalyticsManager.m */ = {isa = PBXFileReference; fileEncoding = 4; lastKnownFileType = sourcecode.c.objc; path = AnalyticsManager.m; sourceTree = "<group>"; };
		570714331D5DBEE4004513C7 /* ProductListViewController.h */ = {isa = PBXFileReference; fileEncoding = 4; lastKnownFileType = sourcecode.c.h; name = ProductListViewController.h; path = ProductList/ProductListViewController.h; sourceTree = "<group>"; };
		570714341D5DBEE4004513C7 /* ProductListViewController.m */ = {isa = PBXFileReference; fileEncoding = 4; lastKnownFileType = sourcecode.c.objc; name = ProductListViewController.m; path = ProductList/ProductListViewController.m; sourceTree = "<group>"; };
		570714371D5DF347004513C7 /* PriceView.h */ = {isa = PBXFileReference; fileEncoding = 4; lastKnownFileType = sourcecode.c.h; name = PriceView.h; path = Views/PriceView.h; sourceTree = "<group>"; };
		570714381D5DF347004513C7 /* PriceView.m */ = {isa = PBXFileReference; fileEncoding = 4; lastKnownFileType = sourcecode.c.objc; name = PriceView.m; path = Views/PriceView.m; sourceTree = "<group>"; };
		5707143A1D5DF55B004513C7 /* QuantityButtonView.h */ = {isa = PBXFileReference; fileEncoding = 4; lastKnownFileType = sourcecode.c.h; name = QuantityButtonView.h; path = Views/QuantityButtonView.h; sourceTree = "<group>"; };
		5707143B1D5DF55B004513C7 /* QuantityButtonView.m */ = {isa = PBXFileReference; fileEncoding = 4; lastKnownFileType = sourcecode.c.objc; name = QuantityButtonView.m; path = Views/QuantityButtonView.m; sourceTree = "<group>"; };
		5707DBAA1D6AE91700503300 /* ArticlesViewController.h */ = {isa = PBXFileReference; fileEncoding = 4; lastKnownFileType = sourcecode.c.h; name = ArticlesViewController.h; path = Articles/ArticlesViewController.h; sourceTree = "<group>"; };
		5707DBAB1D6AE91700503300 /* ArticlesTableViewController.m */ = {isa = PBXFileReference; fileEncoding = 4; lastKnownFileType = sourcecode.c.objc; name = ArticlesTableViewController.m; path = Articles/ArticlesTableViewController.m; sourceTree = "<group>"; };
		5717BA531D60CE2900FDE55E /* ShoppingCartService.h */ = {isa = PBXFileReference; fileEncoding = 4; lastKnownFileType = sourcecode.c.h; path = ShoppingCartService.h; sourceTree = "<group>"; };
		5717BA541D60CE2900FDE55E /* ShoppingCartService.m */ = {isa = PBXFileReference; fileEncoding = 4; lastKnownFileType = sourcecode.c.objc; path = ShoppingCartService.m; sourceTree = "<group>"; };
		571AD47F1D5B330B00718BF1 /* RootViewController.h */ = {isa = PBXFileReference; fileEncoding = 4; lastKnownFileType = sourcecode.c.h; path = RootViewController.h; sourceTree = "<group>"; };
		571AD4801D5B330B00718BF1 /* RootViewController.m */ = {isa = PBXFileReference; fileEncoding = 4; lastKnownFileType = sourcecode.c.objc; path = RootViewController.m; sourceTree = "<group>"; };
		571AD4831D5B33D000718BF1 /* SideMenuViewController.h */ = {isa = PBXFileReference; fileEncoding = 4; lastKnownFileType = sourcecode.c.h; name = SideMenuViewController.h; path = SideMenu/SideMenuViewController.h; sourceTree = "<group>"; };
		571AD4841D5B33D000718BF1 /* SideMenuViewController.m */ = {isa = PBXFileReference; fileEncoding = 4; lastKnownFileType = sourcecode.c.objc; name = SideMenuViewController.m; path = SideMenu/SideMenuViewController.m; sourceTree = "<group>"; };
		571AD4861D5B350E00718BF1 /* Shop.h */ = {isa = PBXFileReference; fileEncoding = 4; lastKnownFileType = sourcecode.c.h; path = Shop.h; sourceTree = "<group>"; };
		571AD4871D5B350E00718BF1 /* Shop.m */ = {isa = PBXFileReference; fileEncoding = 4; lastKnownFileType = sourcecode.c.objc; path = Shop.m; sourceTree = "<group>"; };
		571AD4891D5B351600718BF1 /* Product.h */ = {isa = PBXFileReference; fileEncoding = 4; lastKnownFileType = sourcecode.c.h; path = Product.h; sourceTree = "<group>"; };
		571AD48A1D5B351600718BF1 /* Product.m */ = {isa = PBXFileReference; fileEncoding = 4; lastKnownFileType = sourcecode.c.objc; path = Product.m; sourceTree = "<group>"; };
		571AD48C1D5B352100718BF1 /* Category.h */ = {isa = PBXFileReference; fileEncoding = 4; lastKnownFileType = sourcecode.c.h; path = Category.h; sourceTree = "<group>"; };
		571AD48D1D5B352100718BF1 /* Category.m */ = {isa = PBXFileReference; fileEncoding = 4; lastKnownFileType = sourcecode.c.objc; path = Category.m; sourceTree = "<group>"; };
		571AD4901D5B353F00718BF1 /* DatabaseManager.h */ = {isa = PBXFileReference; fileEncoding = 4; lastKnownFileType = sourcecode.c.h; name = DatabaseManager.h; path = Database/DatabaseManager.h; sourceTree = "<group>"; };
		571AD4911D5B353F00718BF1 /* DatabaseManager.m */ = {isa = PBXFileReference; fileEncoding = 4; lastKnownFileType = sourcecode.c.objc; name = DatabaseManager.m; path = Database/DatabaseManager.m; sourceTree = "<group>"; };
		571AD4941D5B397600718BF1 /* FirstAppDatabase.sqlite */ = {isa = PBXFileReference; lastKnownFileType = file; path = FirstAppDatabase.sqlite; sourceTree = "<group>"; };
		571AD4961D5B3AC300718BF1 /* ShopService.h */ = {isa = PBXFileReference; fileEncoding = 4; lastKnownFileType = sourcecode.c.h; path = ShopService.h; sourceTree = "<group>"; };
		571AD4971D5B3AC300718BF1 /* ShopService.m */ = {isa = PBXFileReference; fileEncoding = 4; lastKnownFileType = sourcecode.c.objc; path = ShopService.m; sourceTree = "<group>"; };
		571AD4A11D5B3E4500718BF1 /* ShopTableViewCell.h */ = {isa = PBXFileReference; fileEncoding = 4; lastKnownFileType = sourcecode.c.h; name = ShopTableViewCell.h; path = Cells/TableView/ShopTableViewCell.h; sourceTree = "<group>"; };
		571AD4A21D5B3E4500718BF1 /* ShopTableViewCell.m */ = {isa = PBXFileReference; fileEncoding = 4; lastKnownFileType = sourcecode.c.objc; name = ShopTableViewCell.m; path = Cells/TableView/ShopTableViewCell.m; sourceTree = "<group>"; };
		571AD4A51D5B4E6800718BF1 /* ShopDetailViewController.h */ = {isa = PBXFileReference; fileEncoding = 4; lastKnownFileType = sourcecode.c.h; name = ShopDetailViewController.h; path = ShopDetail/ShopDetailViewController.h; sourceTree = "<group>"; };
		571AD4A61D5B4E6800718BF1 /* ShopDetailViewController.m */ = {isa = PBXFileReference; fileEncoding = 4; lastKnownFileType = sourcecode.c.objc; name = ShopDetailViewController.m; path = ShopDetail/ShopDetailViewController.m; sourceTree = "<group>"; };
		571AD4A81D5B4E7D00718BF1 /* LocationService.h */ = {isa = PBXFileReference; fileEncoding = 4; lastKnownFileType = sourcecode.c.h; path = LocationService.h; sourceTree = "<group>"; };
		571AD4A91D5B4E7D00718BF1 /* LocationService.m */ = {isa = PBXFileReference; fileEncoding = 4; lastKnownFileType = sourcecode.c.objc; path = LocationService.m; sourceTree = "<group>"; };
		571AD4AB1D5B4EB000718BF1 /* CoreData.framework */ = {isa = PBXFileReference; lastKnownFileType = wrapper.framework; name = CoreData.framework; path = System/Library/Frameworks/CoreData.framework; sourceTree = SDKROOT; };
		571AD4AD1D5B4FB500718BF1 /* CoreLocation.framework */ = {isa = PBXFileReference; lastKnownFileType = wrapper.framework; name = CoreLocation.framework; path = System/Library/Frameworks/CoreLocation.framework; sourceTree = SDKROOT; };
		571E78811D66F6A50018A688 /* NavigationBarTypeEnum.h */ = {isa = PBXFileReference; fileEncoding = 4; lastKnownFileType = sourcecode.c.h; path = NavigationBarTypeEnum.h; sourceTree = "<group>"; };
		571E78871D6700C50018A688 /* BaseViewController.h */ = {isa = PBXFileReference; fileEncoding = 4; lastKnownFileType = sourcecode.c.h; name = BaseViewController.h; path = Wireframe/Base/BaseViewController.h; sourceTree = "<group>"; };
		571E78881D6700C50018A688 /* BaseViewController.m */ = {isa = PBXFileReference; fileEncoding = 4; lastKnownFileType = sourcecode.c.objc; name = BaseViewController.m; path = Wireframe/Base/BaseViewController.m; sourceTree = "<group>"; };
		571EE8541D6C33300096EFBD /* ArticleDetailViewController.h */ = {isa = PBXFileReference; fileEncoding = 4; lastKnownFileType = sourcecode.c.h; name = ArticleDetailViewController.h; path = ArticleDetail/ArticleDetailViewController.h; sourceTree = "<group>"; };
		571EE8551D6C33300096EFBD /* ArticleDetailViewController.m */ = {isa = PBXFileReference; fileEncoding = 4; lastKnownFileType = sourcecode.c.objc; name = ArticleDetailViewController.m; path = ArticleDetail/ArticleDetailViewController.m; sourceTree = "<group>"; };
		572667191D62E91B00DFA34A /* NSUserDefaultsConstants.m */ = {isa = PBXFileReference; fileEncoding = 4; lastKnownFileType = sourcecode.c.objc; path = NSUserDefaultsConstants.m; sourceTree = "<group>"; };
		5726671B1D62E93800DFA34A /* NSUserDefaultsConstants.h */ = {isa = PBXFileReference; lastKnownFileType = sourcecode.c.h; path = NSUserDefaultsConstants.h; sourceTree = "<group>"; };
		5726671C1D62F0AA00DFA34A /* DatabaseConstants.h */ = {isa = PBXFileReference; fileEncoding = 4; lastKnownFileType = sourcecode.c.h; path = DatabaseConstants.h; sourceTree = "<group>"; };
		5726671D1D62F0AA00DFA34A /* DatabaseConstants.m */ = {isa = PBXFileReference; fileEncoding = 4; lastKnownFileType = sourcecode.c.objc; path = DatabaseConstants.m; sourceTree = "<group>"; };
		5726671F1D62F3F700DFA34A /* NSDictionaryConstants.h */ = {isa = PBXFileReference; fileEncoding = 4; lastKnownFileType = sourcecode.c.h; path = NSDictionaryConstants.h; sourceTree = "<group>"; };
		572667201D62F3F700DFA34A /* NSDictionaryConstants.m */ = {isa = PBXFileReference; fileEncoding = 4; lastKnownFileType = sourcecode.c.objc; path = NSDictionaryConstants.m; sourceTree = "<group>"; };
		572722411D5E68530065705E /* ShoppingCartViewController.h */ = {isa = PBXFileReference; fileEncoding = 4; lastKnownFileType = sourcecode.c.h; name = ShoppingCartViewController.h; path = ShoppingCart/ShoppingCartViewController.h; sourceTree = "<group>"; };
		572722421D5E68530065705E /* ShoppingCartViewController.m */ = {isa = PBXFileReference; fileEncoding = 4; lastKnownFileType = sourcecode.c.objc; name = ShoppingCartViewController.m; path = ShoppingCart/ShoppingCartViewController.m; sourceTree = "<group>"; };
		572DDA1C1D5C971500969F3B /* ProductDetailViewController.h */ = {isa = PBXFileReference; fileEncoding = 4; lastKnownFileType = sourcecode.c.h; name = ProductDetailViewController.h; path = ProductDetail/ProductDetailViewController.h; sourceTree = "<group>"; };
		572DDA1D1D5C971500969F3B /* ProductDetailViewController.m */ = {isa = PBXFileReference; fileEncoding = 4; lastKnownFileType = sourcecode.c.objc; name = ProductDetailViewController.m; path = ProductDetail/ProductDetailViewController.m; sourceTree = "<group>"; };
		574E38E21D6B35A600942A53 /* LoadArticlesOperation.h */ = {isa = PBXFileReference; fileEncoding = 4; lastKnownFileType = sourcecode.c.h; lineEnding = 0; path = LoadArticlesOperation.h; sourceTree = "<group>"; xcLanguageSpecificationIdentifier = xcode.lang.objcpp; };
		574E38E31D6B35A600942A53 /* LoadArticlesOperation.m */ = {isa = PBXFileReference; fileEncoding = 4; lastKnownFileType = sourcecode.c.objc; lineEnding = 0; path = LoadArticlesOperation.m; sourceTree = "<group>"; xcLanguageSpecificationIdentifier = xcode.lang.objc; };
		574E38E51D6B36D700942A53 /* ArticleParser.h */ = {isa = PBXFileReference; fileEncoding = 4; lastKnownFileType = sourcecode.c.h; lineEnding = 0; path = ArticleParser.h; sourceTree = "<group>"; xcLanguageSpecificationIdentifier = xcode.lang.objcpp; };
		574E38E61D6B36D700942A53 /* ArticleParser.m */ = {isa = PBXFileReference; fileEncoding = 4; lastKnownFileType = sourcecode.c.objc; lineEnding = 0; path = ArticleParser.m; sourceTree = "<group>"; xcLanguageSpecificationIdentifier = xcode.lang.objc; };
		574E38E81D6B37D200942A53 /* Article.h */ = {isa = PBXFileReference; fileEncoding = 4; lastKnownFileType = sourcecode.c.h; path = Article.h; sourceTree = "<group>"; };
		574E38E91D6B37D200942A53 /* Article.m */ = {isa = PBXFileReference; fileEncoding = 4; lastKnownFileType = sourcecode.c.objc; path = Article.m; sourceTree = "<group>"; };
		574E38EB1D6B38DE00942A53 /* ArticleService.h */ = {isa = PBXFileReference; fileEncoding = 4; lastKnownFileType = sourcecode.c.h; path = ArticleService.h; sourceTree = "<group>"; };
		574E38EC1D6B38DE00942A53 /* ArticleService.m */ = {isa = PBXFileReference; fileEncoding = 4; lastKnownFileType = sourcecode.c.objc; path = ArticleService.m; sourceTree = "<group>"; };
		577AE23F1D64868F00C5384C /* ShopCategories.h */ = {isa = PBXFileReference; fileEncoding = 4; lastKnownFileType = sourcecode.c.h; path = ShopCategories.h; sourceTree = "<group>"; };
		577AE2401D64868F00C5384C /* ShopCategories.m */ = {isa = PBXFileReference; fileEncoding = 4; lastKnownFileType = sourcecode.c.objc; path = ShopCategories.m; sourceTree = "<group>"; };
		577AE2451D658DBA00C5384C /* CategoryProductService.h */ = {isa = PBXFileReference; fileEncoding = 4; lastKnownFileType = sourcecode.c.h; path = CategoryProductService.h; sourceTree = "<group>"; };
		577AE2461D658DBA00C5384C /* CategoryProductService.m */ = {isa = PBXFileReference; fileEncoding = 4; lastKnownFileType = sourcecode.c.objc; path = CategoryProductService.m; sourceTree = "<group>"; };
		57B2870E1D5FB23100D44FF0 /* QuartzCore.framework */ = {isa = PBXFileReference; lastKnownFileType = wrapper.framework; name = QuartzCore.framework; path = System/Library/Frameworks/QuartzCore.framework; sourceTree = SDKROOT; };
		57C1162F1D6C21FF00824339 /* ArticleCollectionViewCell.h */ = {isa = PBXFileReference; fileEncoding = 4; lastKnownFileType = sourcecode.c.h; name = ArticleCollectionViewCell.h; path = Cells/CollectionView/ArticleCollectionViewCell.h; sourceTree = "<group>"; };
		57C116301D6C21FF00824339 /* ArticleCollectionViewCell.m */ = {isa = PBXFileReference; fileEncoding = 4; lastKnownFileType = sourcecode.c.objc; name = ArticleCollectionViewCell.m; path = Cells/CollectionView/ArticleCollectionViewCell.m; sourceTree = "<group>"; };
		57D210811D6AEF14005D3FA3 /* .keep */ = {isa = PBXFileReference; lastKnownFileType = file; path = .keep; sourceTree = "<group>"; };
		57D210911D6AF008005D3FA3 /* URLConstants.h */ = {isa = PBXFileReference; fileEncoding = 4; lastKnownFileType = sourcecode.c.h; path = URLConstants.h; sourceTree = "<group>"; };
		57D210921D6AF008005D3FA3 /* URLConstants.m */ = {isa = PBXFileReference; fileEncoding = 4; lastKnownFileType = sourcecode.c.objc; path = URLConstants.m; sourceTree = "<group>"; };
		57D210981D6B0132005D3FA3 /* ServerConstants.h */ = {isa = PBXFileReference; fileEncoding = 4; lastKnownFileType = sourcecode.c.h; path = ServerConstants.h; sourceTree = "<group>"; };
		57D210991D6B0132005D3FA3 /* ServerConstants.m */ = {isa = PBXFileReference; fileEncoding = 4; lastKnownFileType = sourcecode.c.objc; path = ServerConstants.m; sourceTree = "<group>"; };
		57E241811D5BD64B00275042 /* ProductTableViewCell.h */ = {isa = PBXFileReference; fileEncoding = 4; lastKnownFileType = sourcecode.c.h; name = ProductTableViewCell.h; path = Cells/TableView/ProductTableViewCell.h; sourceTree = "<group>"; };
		57E241821D5BD64B00275042 /* ProductTableViewCell.m */ = {isa = PBXFileReference; fileEncoding = 4; lastKnownFileType = sourcecode.c.objc; name = ProductTableViewCell.m; path = Cells/TableView/ProductTableViewCell.m; sourceTree = "<group>"; };
		D132B4DC5D81CB10343EC053 /* Pods-hmprojectskeleton.debug.xcconfig */ = {isa = PBXFileReference; includeInIndex = 1; lastKnownFileType = text.xcconfig; name = "Pods-hmprojectskeleton.debug.xcconfig"; path = "Pods/Target Support Files/Pods-hmprojectskeleton/Pods-hmprojectskeleton.debug.xcconfig"; sourceTree = "<group>"; };
		DC3E2CC9C0CED3E0C9AD5E67 /* libPods-hmprojectskeleton.a */ = {isa = PBXFileReference; explicitFileType = archive.ar; includeInIndex = 0; path = "libPods-hmprojectskeleton.a"; sourceTree = BUILT_PRODUCTS_DIR; };
		E445B44616C6C5DEE64AD759 /* Pods-hmprojectskeleton.release.xcconfig */ = {isa = PBXFileReference; includeInIndex = 1; lastKnownFileType = text.xcconfig; name = "Pods-hmprojectskeleton.release.xcconfig"; path = "Pods/Target Support Files/Pods-hmprojectskeleton/Pods-hmprojectskeleton.release.xcconfig"; sourceTree = "<group>"; };
		FDB2D85A9FE92118683F6D2B /* Pods.debug.xcconfig */ = {isa = PBXFileReference; includeInIndex = 1; lastKnownFileType = text.xcconfig; name = Pods.debug.xcconfig; path = "Pods/Target Support Files/Pods/Pods.debug.xcconfig"; sourceTree = "<group>"; };
/* End PBXFileReference section */

/* Begin PBXFrameworksBuildPhase section */
		56B12C821B18883C002019B6 /* Frameworks */ = {
			isa = PBXFrameworksBuildPhase;
			buildActionMask = 2147483647;
			files = (
				57B2870F1D5FB23100D44FF0 /* QuartzCore.framework in Frameworks */,
				571AD4AE1D5B4FB500718BF1 /* CoreLocation.framework in Frameworks */,
				C138D60B0BD077407EBE5916 /* libPods-hmprojectskeleton.a in Frameworks */,
			);
			runOnlyForDeploymentPostprocessing = 0;
		};
		56B12C9B1B18883C002019B6 /* Frameworks */ = {
			isa = PBXFrameworksBuildPhase;
			buildActionMask = 2147483647;
			files = (
			);
			runOnlyForDeploymentPostprocessing = 0;
		};
/* End PBXFrameworksBuildPhase section */

/* Begin PBXGroup section */
		49372E32C71901A55967E924 /* Frameworks */ = {
			isa = PBXGroup;
			children = (
				57B2870E1D5FB23100D44FF0 /* QuartzCore.framework */,
				571AD4AD1D5B4FB500718BF1 /* CoreLocation.framework */,
				571AD4AB1D5B4EB000718BF1 /* CoreData.framework */,
				567E39041B1DA84E00613709 /* Fabric.framework */,
				567E39021B1DA84500613709 /* Crashlytics.framework */,
				34EFC55C27A6E42667F3A697 /* libPods.a */,
				DC3E2CC9C0CED3E0C9AD5E67 /* libPods-hmprojectskeleton.a */,
			);
			name = Frameworks;
			sourceTree = "<group>";
		};
		5623D1A31C4037420002447C /* User Interface */ = {
			isa = PBXGroup;
			children = (
				571E787F1D66F5C00018A688 /* Wireframe */,
				5623D1A41C4037420002447C /* Appearance */,
				5623D1AB1C4037420002447C /* Components */,
				5623D1AD1C4037420002447C /* DTO Presentation */,
				5623D1AF1C4037420002447C /* View Controllers */,
			);
			path = "User Interface";
			sourceTree = "<group>";
		};
		5623D1A41C4037420002447C /* Appearance */ = {
			isa = PBXGroup;
			children = (
				5623D1A51C4037420002447C /* HMPAppearance.h */,
				5623D1A61C4037420002447C /* HMPAppearance.m */,
				5623D1A71C4037420002447C /* HMPColor.h */,
				5623D1A81C4037420002447C /* HMPColor.m */,
				5623D1A91C4037420002447C /* HMPFont.h */,
				5623D1AA1C4037420002447C /* HMPFont.m */,
			);
			path = Appearance;
			sourceTree = "<group>";
		};
		5623D1AB1C4037420002447C /* Components */ = {
			isa = PBXGroup;
			children = (
				570714361D5DF2B2004513C7 /* Views */,
				571AD49F1D5B3E2D00718BF1 /* Cells */,
				5623D1AC1C4037420002447C /* .keep */,
			);
			path = Components;
			sourceTree = "<group>";
		};
		5623D1AD1C4037420002447C /* DTO Presentation */ = {
			isa = PBXGroup;
			children = (
				5623D1AE1C4037420002447C /* .keep */,
			);
			path = "DTO Presentation";
			sourceTree = "<group>";
		};
		5623D1AF1C4037420002447C /* View Controllers */ = {
			isa = PBXGroup;
			children = (
				571EE8531D6C33150096EFBD /* ArticleDetail */,
				5707DBA91D6AE8F400503300 /* Articles */,
				572722401D5E682E0065705E /* ShoppingCart */,
				5707142F1D5DBDF7004513C7 /* ProductList */,
				572DDA1B1D5C96F700969F3B /* ProductDetail */,
				571AD4A41D5B4DDE00718BF1 /* ShopDetail */,
				571AD4821D5B33BD00718BF1 /* SideMenu */,
				5623D1B31C4037420002447C /* Root */,
			);
			path = "View Controllers";
			sourceTree = "<group>";
		};
		5623D1B31C4037420002447C /* Root */ = {
			isa = PBXGroup;
			children = (
				571AD47F1D5B330B00718BF1 /* RootViewController.h */,
				571AD4801D5B330B00718BF1 /* RootViewController.m */,
			);
			path = Root;
			sourceTree = "<group>";
		};
		568FB2C81B208DBB0045CF0F /* Classes */ = {
			isa = PBXGroup;
			children = (
				568FB2EE1B208DBB0045CF0F /* Main */,
				568FB2C91B208DBB0045CF0F /* Constants */,
				5623D1A31C4037420002447C /* User Interface */,
				568FB2E91B208DBB0045CF0F /* Logic */,
				568FB2D31B208DBB0045CF0F /* Data Access */,
				568FB3021B208DBB0045CF0F /* Utilities */,
			);
			path = Classes;
			sourceTree = "<group>";
		};
		568FB2C91B208DBB0045CF0F /* Constants */ = {
			isa = PBXGroup;
			children = (
				568FB2CA1B208DBB0045CF0F /* Constants.h */,
				5726671B1D62E93800DFA34A /* NSUserDefaultsConstants.h */,
				572667191D62E91B00DFA34A /* NSUserDefaultsConstants.m */,
				5726671C1D62F0AA00DFA34A /* DatabaseConstants.h */,
				5726671D1D62F0AA00DFA34A /* DatabaseConstants.m */,
				5726671F1D62F3F700DFA34A /* NSDictionaryConstants.h */,
				572667201D62F3F700DFA34A /* NSDictionaryConstants.m */,
				571E78811D66F6A50018A688 /* NavigationBarTypeEnum.h */,
				57D210911D6AF008005D3FA3 /* URLConstants.h */,
				57D210921D6AF008005D3FA3 /* URLConstants.m */,
				57D210981D6B0132005D3FA3 /* ServerConstants.h */,
				57D210991D6B0132005D3FA3 /* ServerConstants.m */,
			);
			path = Constants;
			sourceTree = "<group>";
		};
		568FB2D31B208DBB0045CF0F /* Data Access */ = {
			isa = PBXGroup;
			children = (
				57D210791D6AEF14005D3FA3 /* Network */,
				568FB2E21B208DBB0045CF0F /* Persistence */,
			);
			path = "Data Access";
			sourceTree = "<group>";
		};
		568FB2E21B208DBB0045CF0F /* Persistence */ = {
			isa = PBXGroup;
			children = (
				571AD48F1D5B352E00718BF1 /* Database */,
				568FB2E31B208DBB0045CF0F /* Keychain */,
				568FB2E61B208DBB0045CF0F /* UserDefaults */,
			);
			path = Persistence;
			sourceTree = "<group>";
		};
		568FB2E31B208DBB0045CF0F /* Keychain */ = {
			isa = PBXGroup;
			children = (
				568FB2E41B208DBB0045CF0F /* KeychainManager.h */,
				568FB2E51B208DBB0045CF0F /* KeychainManager.m */,
			);
			path = Keychain;
			sourceTree = "<group>";
		};
		568FB2E61B208DBB0045CF0F /* UserDefaults */ = {
			isa = PBXGroup;
			children = (
				568FB2E71B208DBB0045CF0F /* UserDefaultsManager.h */,
				568FB2E81B208DBB0045CF0F /* UserDefaultsManager.m */,
			);
			path = UserDefaults;
			sourceTree = "<group>";
		};
		568FB2E91B208DBB0045CF0F /* Logic */ = {
			isa = PBXGroup;
			children = (
				568FB2EA1B208DBB0045CF0F /* DTO */,
				568FB2EB1B208DBB0045CF0F /* Service */,
			);
			path = Logic;
			sourceTree = "<group>";
		};
		568FB2EA1B208DBB0045CF0F /* DTO */ = {
			isa = PBXGroup;
			children = (
				571AD4861D5B350E00718BF1 /* Shop.h */,
				571AD4871D5B350E00718BF1 /* Shop.m */,
				571AD4891D5B351600718BF1 /* Product.h */,
				571AD48A1D5B351600718BF1 /* Product.m */,
				571AD48C1D5B352100718BF1 /* Category.h */,
				571AD48D1D5B352100718BF1 /* Category.m */,
				577AE23F1D64868F00C5384C /* ShopCategories.h */,
				577AE2401D64868F00C5384C /* ShopCategories.m */,
				574E38E81D6B37D200942A53 /* Article.h */,
				574E38E91D6B37D200942A53 /* Article.m */,
			);
			path = DTO;
			sourceTree = "<group>";
		};
		568FB2EB1B208DBB0045CF0F /* Service */ = {
			isa = PBXGroup;
			children = (
				571AD4961D5B3AC300718BF1 /* ShopService.h */,
				571AD4971D5B3AC300718BF1 /* ShopService.m */,
				577AE2451D658DBA00C5384C /* CategoryProductService.h */,
				577AE2461D658DBA00C5384C /* CategoryProductService.m */,
				5717BA531D60CE2900FDE55E /* ShoppingCartService.h */,
				5717BA541D60CE2900FDE55E /* ShoppingCartService.m */,
				571AD4A81D5B4E7D00718BF1 /* LocationService.h */,
				571AD4A91D5B4E7D00718BF1 /* LocationService.m */,
				574E38EB1D6B38DE00942A53 /* ArticleService.h */,
				574E38EC1D6B38DE00942A53 /* ArticleService.m */,
			);
			path = Service;
			sourceTree = "<group>";
		};
		568FB2EE1B208DBB0045CF0F /* Main */ = {
			isa = PBXGroup;
			children = (
				568FB2EF1B208DBB0045CF0F /* AppDelegate.h */,
				568FB2F01B208DBB0045CF0F /* AppDelegate.m */,
			);
			path = Main;
			sourceTree = "<group>";
		};
		568FB3021B208DBB0045CF0F /* Utilities */ = {
			isa = PBXGroup;
			children = (
				56CB19951BEA59AD0094F507 /* Analytics */,
			);
			path = Utilities;
			sourceTree = "<group>";
		};
		568FB31B1B208E990045CF0F /* SFHFKeychain */ = {
			isa = PBXGroup;
			children = (
				568FB31C1B208E990045CF0F /* SFHFKeychainUtils.h */,
				568FB31D1B208E990045CF0F /* SFHFKeychainUtils.m */,
			);
			path = SFHFKeychain;
			sourceTree = "<group>";
		};
		56B12C7C1B18883C002019B6 = {
			isa = PBXGroup;
			children = (
				56B12C871B18883C002019B6 /* hmprojectskeleton */,
				56B12CA11B18883C002019B6 /* hmprojectskeletonTests */,
				56B12C861B18883C002019B6 /* Products */,
				5934DB77A6DE135674D96586 /* Pods */,
				49372E32C71901A55967E924 /* Frameworks */,
			);
			sourceTree = "<group>";
		};
		56B12C861B18883C002019B6 /* Products */ = {
			isa = PBXGroup;
			children = (
				56B12C851B18883C002019B6 /* hmprojectskeleton.app */,
				56B12C9E1B18883C002019B6 /* hmprojectskeletonTests.xctest */,
			);
			name = Products;
			sourceTree = "<group>";
		};
		56B12C871B18883C002019B6 /* hmprojectskeleton */ = {
			isa = PBXGroup;
			children = (
				568FB2C81B208DBB0045CF0F /* Classes */,
				56B12CD61B188887002019B6 /* Libraries */,
				56B12CD71B188887002019B6 /* Resources */,
				56B12CDF1B188887002019B6 /* Supporting Files */,
			);
			path = hmprojectskeleton;
			sourceTree = "<group>";
		};
		56B12CA11B18883C002019B6 /* hmprojectskeletonTests */ = {
			isa = PBXGroup;
			children = (
				56B12CA41B18883C002019B6 /* hmprojectskeletonTests.m */,
				56B12CA21B18883C002019B6 /* Supporting Files */,
			);
			path = hmprojectskeletonTests;
			sourceTree = "<group>";
		};
		56B12CA21B18883C002019B6 /* Supporting Files */ = {
			isa = PBXGroup;
			children = (
				56B12CA31B18883C002019B6 /* Info.plist */,
			);
			name = "Supporting Files";
			sourceTree = "<group>";
		};
		56B12CD61B188887002019B6 /* Libraries */ = {
			isa = PBXGroup;
			children = (
				568FB31B1B208E990045CF0F /* SFHFKeychain */,
			);
			path = Libraries;
			sourceTree = "<group>";
		};
		56B12CD71B188887002019B6 /* Resources */ = {
			isa = PBXGroup;
			children = (
				571AD4931D5B397600718BF1 /* Database */,
				56B12CD81B188887002019B6 /* Fonts */,
				56B12CD91B188887002019B6 /* Images */,
			);
			path = Resources;
			sourceTree = "<group>";
		};
		56B12CD81B188887002019B6 /* Fonts */ = {
			isa = PBXGroup;
			children = (
			);
			path = Fonts;
			sourceTree = "<group>";
		};
		56B12CD91B188887002019B6 /* Images */ = {
			isa = PBXGroup;
			children = (
				56B12CDE1B188887002019B6 /* Images.xcassets */,
			);
			path = Images;
			sourceTree = "<group>";
		};
		56B12CDF1B188887002019B6 /* Supporting Files */ = {
			isa = PBXGroup;
			children = (
				56B12CE01B188887002019B6 /* Info.plist */,
				56B12CE11B188887002019B6 /* main.m */,
				56B12CE21B188887002019B6 /* PrefixHeader.pch */,
			);
			path = "Supporting Files";
			sourceTree = "<group>";
		};
		56CB19951BEA59AD0094F507 /* Analytics */ = {
			isa = PBXGroup;
			children = (
				56CB19961BEA59AD0094F507 /* AnalyticsManager.h */,
				56CB19971BEA59AD0094F507 /* AnalyticsManager.m */,
			);
			path = Analytics;
			sourceTree = "<group>";
		};
		5707142F1D5DBDF7004513C7 /* ProductList */ = {
			isa = PBXGroup;
			children = (
				570714331D5DBEE4004513C7 /* ProductListViewController.h */,
				570714341D5DBEE4004513C7 /* ProductListViewController.m */,
			);
			name = ProductList;
			sourceTree = "<group>";
		};
		570714361D5DF2B2004513C7 /* Views */ = {
			isa = PBXGroup;
			children = (
				570714371D5DF347004513C7 /* PriceView.h */,
				570714381D5DF347004513C7 /* PriceView.m */,
				5707143A1D5DF55B004513C7 /* QuantityButtonView.h */,
				5707143B1D5DF55B004513C7 /* QuantityButtonView.m */,
			);
			name = Views;
			sourceTree = "<group>";
		};
		5707DBA91D6AE8F400503300 /* Articles */ = {
			isa = PBXGroup;
			children = (
				5707DBAA1D6AE91700503300 /* ArticlesViewController.h */,
				5707DBAB1D6AE91700503300 /* ArticlesTableViewController.m */,
			);
			name = Articles;
			sourceTree = "<group>";
		};
		571AD4821D5B33BD00718BF1 /* SideMenu */ = {
			isa = PBXGroup;
			children = (
				571AD4831D5B33D000718BF1 /* SideMenuViewController.h */,
				571AD4841D5B33D000718BF1 /* SideMenuViewController.m */,
			);
			name = SideMenu;
			sourceTree = "<group>";
		};
		571AD48F1D5B352E00718BF1 /* Database */ = {
			isa = PBXGroup;
			children = (
				571AD4901D5B353F00718BF1 /* DatabaseManager.h */,
				571AD4911D5B353F00718BF1 /* DatabaseManager.m */,
			);
			name = Database;
			sourceTree = "<group>";
		};
		571AD4931D5B397600718BF1 /* Database */ = {
			isa = PBXGroup;
			children = (
				571AD4941D5B397600718BF1 /* FirstAppDatabase.sqlite */,
			);
			path = Database;
			sourceTree = "<group>";
		};
		571AD49F1D5B3E2D00718BF1 /* Cells */ = {
			isa = PBXGroup;
			children = (
				57C1162E1D6C21DE00824339 /* CollectionView */,
				571AD4A01D5B3E3100718BF1 /* TableView */,
			);
			name = Cells;
			sourceTree = "<group>";
		};
		571AD4A01D5B3E3100718BF1 /* TableView */ = {
			isa = PBXGroup;
			children = (
				571AD4A11D5B3E4500718BF1 /* ShopTableViewCell.h */,
				571AD4A21D5B3E4500718BF1 /* ShopTableViewCell.m */,
				57E241811D5BD64B00275042 /* ProductTableViewCell.h */,
				57E241821D5BD64B00275042 /* ProductTableViewCell.m */,
			);
			name = TableView;
			sourceTree = "<group>";
		};
		571AD4A41D5B4DDE00718BF1 /* ShopDetail */ = {
			isa = PBXGroup;
			children = (
				571AD4A51D5B4E6800718BF1 /* ShopDetailViewController.h */,
				571AD4A61D5B4E6800718BF1 /* ShopDetailViewController.m */,
			);
			name = ShopDetail;
			sourceTree = "<group>";
		};
		571E787F1D66F5C00018A688 /* Wireframe */ = {
			isa = PBXGroup;
			children = (
				571E78801D66F5CC0018A688 /* Base */,
			);
			name = Wireframe;
			sourceTree = "<group>";
		};
		571E78801D66F5CC0018A688 /* Base */ = {
			isa = PBXGroup;
			children = (
				571E78871D6700C50018A688 /* BaseViewController.h */,
				571E78881D6700C50018A688 /* BaseViewController.m */,
			);
			name = Base;
			sourceTree = "<group>";
		};
		571EE8531D6C33150096EFBD /* ArticleDetail */ = {
			isa = PBXGroup;
			children = (
				571EE8541D6C33300096EFBD /* ArticleDetailViewController.h */,
				571EE8551D6C33300096EFBD /* ArticleDetailViewController.m */,
			);
			name = ArticleDetail;
			sourceTree = "<group>";
		};
		572722401D5E682E0065705E /* ShoppingCart */ = {
			isa = PBXGroup;
			children = (
				572722411D5E68530065705E /* ShoppingCartViewController.h */,
				572722421D5E68530065705E /* ShoppingCartViewController.m */,
			);
			name = ShoppingCart;
			sourceTree = "<group>";
		};
		572DDA1B1D5C96F700969F3B /* ProductDetail */ = {
			isa = PBXGroup;
			children = (
				572DDA1C1D5C971500969F3B /* ProductDetailViewController.h */,
				572DDA1D1D5C971500969F3B /* ProductDetailViewController.m */,
			);
			name = ProductDetail;
			sourceTree = "<group>";
		};
		57C1162E1D6C21DE00824339 /* CollectionView */ = {
			isa = PBXGroup;
			children = (
				57C1162F1D6C21FF00824339 /* ArticleCollectionViewCell.h */,
				57C116301D6C21FF00824339 /* ArticleCollectionViewCell.m */,
			);
			name = CollectionView;
			sourceTree = "<group>";
		};
		57D210791D6AEF14005D3FA3 /* Network */ = {
			isa = PBXGroup;
			children = (
				57D2107A1D6AEF14005D3FA3 /* Server */,
			);
			path = Network;
			sourceTree = "<group>";
		};
		57D2107A1D6AEF14005D3FA3 /* Server */ = {
			isa = PBXGroup;
			children = (
				57D2107B1D6AEF14005D3FA3 /* Operations */,
				57D210801D6AEF14005D3FA3 /* Parsing */,
			);
			path = Server;
			sourceTree = "<group>";
		};
		57D2107B1D6AEF14005D3FA3 /* Operations */ = {
			isa = PBXGroup;
			children = (
				574E38E21D6B35A600942A53 /* LoadArticlesOperation.h */,
				574E38E31D6B35A600942A53 /* LoadArticlesOperation.m */,
			);
			path = Operations;
			sourceTree = "<group>";
		};
		57D210801D6AEF14005D3FA3 /* Parsing */ = {
			isa = PBXGroup;
			children = (
				57D210811D6AEF14005D3FA3 /* .keep */,
				574E38E51D6B36D700942A53 /* ArticleParser.h */,
				574E38E61D6B36D700942A53 /* ArticleParser.m */,
			);
			path = Parsing;
			sourceTree = "<group>";
		};
		5934DB77A6DE135674D96586 /* Pods */ = {
			isa = PBXGroup;
			children = (
				FDB2D85A9FE92118683F6D2B /* Pods.debug.xcconfig */,
				496C6EBBA7EADC2C17B73FC0 /* Pods.release.xcconfig */,
				D132B4DC5D81CB10343EC053 /* Pods-hmprojectskeleton.debug.xcconfig */,
				E445B44616C6C5DEE64AD759 /* Pods-hmprojectskeleton.release.xcconfig */,
			);
			name = Pods;
			sourceTree = "<group>";
		};
/* End PBXGroup section */

/* Begin PBXNativeTarget section */
		56B12C841B18883C002019B6 /* hmprojectskeleton */ = {
			isa = PBXNativeTarget;
			buildConfigurationList = 56B12CA81B18883C002019B6 /* Build configuration list for PBXNativeTarget "hmprojectskeleton" */;
			buildPhases = (
				54524939149037393E9A683F /* [CP] Check Pods Manifest.lock */,
				8FCD4FF09DADB30E8720135D /* [CP] Check Pods Manifest.lock */,
				56B12C811B18883C002019B6 /* Sources */,
				56B12C821B18883C002019B6 /* Frameworks */,
				56B12C831B18883C002019B6 /* Resources */,
				D6DD5FF8B3DD9A5FAA2AF297 /* [CP] Copy Pods Resources */,
				567E39011B1DA7D000613709 /* ShellScript */,
				565DFFD51C1AF6190038FBD2 /* ShellScript */,
				0251FD0E2C8C607AC43C62DB /* [CP] Embed Pods Frameworks */,
				CA08B96AE20E095AF834FB1D /* 📦 Embed Pods Frameworks */,
				297A6694700E4B54350EBBD5 /* 📦 Copy Pods Resources */,
			);
			buildRules = (
			);
			dependencies = (
			);
			name = hmprojectskeleton;
			productName = hmprojectskeleton;
			productReference = 56B12C851B18883C002019B6 /* hmprojectskeleton.app */;
			productType = "com.apple.product-type.application";
		};
		56B12C9D1B18883C002019B6 /* hmprojectskeletonTests */ = {
			isa = PBXNativeTarget;
			buildConfigurationList = 56B12CAB1B18883C002019B6 /* Build configuration list for PBXNativeTarget "hmprojectskeletonTests" */;
			buildPhases = (
				56B12C9A1B18883C002019B6 /* Sources */,
				56B12C9B1B18883C002019B6 /* Frameworks */,
				56B12C9C1B18883C002019B6 /* Resources */,
			);
			buildRules = (
			);
			dependencies = (
				56B12CA01B18883C002019B6 /* PBXTargetDependency */,
			);
			name = hmprojectskeletonTests;
			productName = hmprojectskeletonTests;
			productReference = 56B12C9E1B18883C002019B6 /* hmprojectskeletonTests.xctest */;
			productType = "com.apple.product-type.bundle.unit-test";
		};
/* End PBXNativeTarget section */

/* Begin PBXProject section */
		56B12C7D1B18883C002019B6 /* Project object */ = {
			isa = PBXProject;
			attributes = {
				LastUpgradeCheck = 0630;
				ORGANIZATIONNAME = halcyonmobile;
				TargetAttributes = {
					56B12C841B18883C002019B6 = {
						CreatedOnToolsVersion = 6.3.1;
					};
					56B12C9D1B18883C002019B6 = {
						CreatedOnToolsVersion = 6.3.1;
						TestTargetID = 56B12C841B18883C002019B6;
					};
				};
			};
			buildConfigurationList = 56B12C801B18883C002019B6 /* Build configuration list for PBXProject "hmprojectskeleton" */;
			compatibilityVersion = "Xcode 3.2";
			developmentRegion = English;
			hasScannedForEncodings = 0;
			knownRegions = (
				en,
				Base,
			);
			mainGroup = 56B12C7C1B18883C002019B6;
			productRefGroup = 56B12C861B18883C002019B6 /* Products */;
			projectDirPath = "";
			projectRoot = "";
			targets = (
				56B12C841B18883C002019B6 /* hmprojectskeleton */,
				56B12C9D1B18883C002019B6 /* hmprojectskeletonTests */,
			);
		};
/* End PBXProject section */

/* Begin PBXResourcesBuildPhase section */
		56B12C831B18883C002019B6 /* Resources */ = {
			isa = PBXResourcesBuildPhase;
			buildActionMask = 2147483647;
			files = (
				57D2108A1D6AEF14005D3FA3 /* .keep in Resources */,
				5623D1BA1C4037420002447C /* .keep in Resources */,
				5623D1B91C4037420002447C /* .keep in Resources */,
				571AD4951D5B397600718BF1 /* FirstAppDatabase.sqlite in Resources */,
				56B12CEC1B188887002019B6 /* Images.xcassets in Resources */,
			);
			runOnlyForDeploymentPostprocessing = 0;
		};
		56B12C9C1B18883C002019B6 /* Resources */ = {
			isa = PBXResourcesBuildPhase;
			buildActionMask = 2147483647;
			files = (
			);
			runOnlyForDeploymentPostprocessing = 0;
		};
/* End PBXResourcesBuildPhase section */

/* Begin PBXShellScriptBuildPhase section */
		0251FD0E2C8C607AC43C62DB /* [CP] Embed Pods Frameworks */ = {
			isa = PBXShellScriptBuildPhase;
			buildActionMask = 2147483647;
			files = (
			);
			inputPaths = (
			);
			name = "[CP] Embed Pods Frameworks";
			outputPaths = (
			);
			runOnlyForDeploymentPostprocessing = 0;
			shellPath = /bin/sh;
			shellScript = "\"${SRCROOT}/Pods/Target Support Files/Pods-hmprojectskeleton/Pods-hmprojectskeleton-frameworks.sh\"\n";
			showEnvVarsInLog = 0;
		};
		297A6694700E4B54350EBBD5 /* 📦 Copy Pods Resources */ = {
			isa = PBXShellScriptBuildPhase;
			buildActionMask = 2147483647;
			files = (
			);
			inputPaths = (
			);
			name = "📦 Copy Pods Resources";
			outputPaths = (
			);
			runOnlyForDeploymentPostprocessing = 0;
			shellPath = /bin/sh;
			shellScript = "\"${SRCROOT}/Pods/Target Support Files/Pods-hmprojectskeleton/Pods-hmprojectskeleton-resources.sh\"\n";
			showEnvVarsInLog = 0;
		};
		54524939149037393E9A683F /* [CP] Check Pods Manifest.lock */ = {
			isa = PBXShellScriptBuildPhase;
			buildActionMask = 2147483647;
			files = (
			);
			inputPaths = (
			);
			name = "[CP] Check Pods Manifest.lock";
			outputPaths = (
			);
			runOnlyForDeploymentPostprocessing = 0;
			shellPath = /bin/sh;
			shellScript = "diff \"${PODS_ROOT}/../Podfile.lock\" \"${PODS_ROOT}/Manifest.lock\" > /dev/null\nif [[ $? != 0 ]] ; then\n    cat << EOM\nerror: The sandbox is not in sync with the Podfile.lock. Run 'pod install' or update your CocoaPods installation.\nEOM\n    exit 1\nfi\n";
			showEnvVarsInLog = 0;
		};
		565DFFD51C1AF6190038FBD2 /* ShellScript */ = {
			isa = PBXShellScriptBuildPhase;
			buildActionMask = 2147483647;
			files = (
			);
			inputPaths = (
			);
			outputPaths = (
			);
			runOnlyForDeploymentPostprocessing = 0;
			shellPath = /bin/sh;
			shellScript = "/bin/sh ${SRCROOT}/hmprojectskeleton/Scripts/developer-warnings.sh";
		};
		567E39011B1DA7D000613709 /* ShellScript */ = {
			isa = PBXShellScriptBuildPhase;
			buildActionMask = 2147483647;
			files = (
			);
			inputPaths = (
			);
			outputPaths = (
			);
			runOnlyForDeploymentPostprocessing = 0;
			shellPath = /bin/sh;
			shellScript = "./Pods/Fabric/Fabric.framework/run 402a5ce4bba16299444ad1c537ae0d54e895b9fc 4fb328c5c4e833cf7e8fcb33f65f15d78d62fb6fc29f405f49eb407a6615d2da";
		};
		8FCD4FF09DADB30E8720135D /* [CP] Check Pods Manifest.lock */ = {
			isa = PBXShellScriptBuildPhase;
			buildActionMask = 2147483647;
			files = (
			);
			inputPaths = (
			);
			name = "[CP] Check Pods Manifest.lock";
			outputPaths = (
			);
			runOnlyForDeploymentPostprocessing = 0;
			shellPath = /bin/sh;
			shellScript = "diff \"${PODS_ROOT}/../Podfile.lock\" \"${PODS_ROOT}/Manifest.lock\" > /dev/null\nif [[ $? != 0 ]] ; then\n    cat << EOM\nerror: The sandbox is not in sync with the Podfile.lock. Run 'pod install' or update your CocoaPods installation.\nEOM\n    exit 1\nfi\n";
			showEnvVarsInLog = 0;
		};
		CA08B96AE20E095AF834FB1D /* 📦 Embed Pods Frameworks */ = {
			isa = PBXShellScriptBuildPhase;
			buildActionMask = 2147483647;
			files = (
			);
			inputPaths = (
			);
			name = "📦 Embed Pods Frameworks";
			outputPaths = (
			);
			runOnlyForDeploymentPostprocessing = 0;
			shellPath = /bin/sh;
			shellScript = "\"${SRCROOT}/Pods/Target Support Files/Pods-hmprojectskeleton/Pods-hmprojectskeleton-frameworks.sh\"\n";
			showEnvVarsInLog = 0;
		};
		D6DD5FF8B3DD9A5FAA2AF297 /* [CP] Copy Pods Resources */ = {
			isa = PBXShellScriptBuildPhase;
			buildActionMask = 2147483647;
			files = (
			);
			inputPaths = (
			);
			name = "[CP] Copy Pods Resources";
			outputPaths = (
			);
			runOnlyForDeploymentPostprocessing = 0;
			shellPath = /bin/sh;
			shellScript = "\"${SRCROOT}/Pods/Target Support Files/Pods-hmprojectskeleton/Pods-hmprojectskeleton-resources.sh\"\n";
			showEnvVarsInLog = 0;
		};
/* End PBXShellScriptBuildPhase section */

/* Begin PBXSourcesBuildPhase section */
		56B12C811B18883C002019B6 /* Sources */ = {
			isa = PBXSourcesBuildPhase;
			buildActionMask = 2147483647;
			files = (
				574E38EA1D6B37D200942A53 /* Article.m in Sources */,
				57D2109A1D6B0132005D3FA3 /* ServerConstants.m in Sources */,
				571EE8561D6C33300096EFBD /* ArticleDetailViewController.m in Sources */,
				571AD4921D5B353F00718BF1 /* DatabaseManager.m in Sources */,
				570714351D5DBEE4004513C7 /* ProductListViewController.m in Sources */,
				5717BA551D60CE2900FDE55E /* ShoppingCartService.m in Sources */,
				570714391D5DF347004513C7 /* PriceView.m in Sources */,
				56B12CEE1B188887002019B6 /* main.m in Sources */,
				571AD4A71D5B4E6800718BF1 /* ShopDetailViewController.m in Sources */,
				572667211D62F3F700DFA34A /* NSDictionaryConstants.m in Sources */,
				5623D1B71C4037420002447C /* HMPColor.m in Sources */,
				57C116311D6C21FF00824339 /* ArticleCollectionViewCell.m in Sources */,
				571AD48B1D5B351600718BF1 /* Product.m in Sources */,
				574E38E41D6B35A600942A53 /* LoadArticlesOperation.m in Sources */,
				5726671E1D62F0AA00DFA34A /* DatabaseConstants.m in Sources */,
				5623D1B81C4037420002447C /* HMPFont.m in Sources */,
				568FB3111B208DBB0045CF0F /* UserDefaultsManager.m in Sources */,
				572DDA1E1D5C971500969F3B /* ProductDetailViewController.m in Sources */,
				571E78891D6700C50018A688 /* BaseViewController.m in Sources */,
				571AD48E1D5B352100718BF1 /* Category.m in Sources */,
				5623D1B61C4037420002447C /* HMPAppearance.m in Sources */,
				571AD4881D5B350E00718BF1 /* Shop.m in Sources */,
				574E38ED1D6B38DE00942A53 /* ArticleService.m in Sources */,
				5707143C1D5DF55B004513C7 /* QuantityButtonView.m in Sources */,
				577AE2411D64868F00C5384C /* ShopCategories.m in Sources */,
				577AE2471D658DBA00C5384C /* CategoryProductService.m in Sources */,
				571AD4851D5B33D000718BF1 /* SideMenuViewController.m in Sources */,
				57E241831D5BD64B00275042 /* ProductTableViewCell.m in Sources */,
				571AD4A31D5B3E4500718BF1 /* ShopTableViewCell.m in Sources */,
				574E38E71D6B36D700942A53 /* ArticleParser.m in Sources */,
				568FB3101B208DBB0045CF0F /* KeychainManager.m in Sources */,
				571AD4AA1D5B4E7D00718BF1 /* LocationService.m in Sources */,
				571AD4811D5B330B00718BF1 /* RootViewController.m in Sources */,
				5707DBAC1D6AE91700503300 /* ArticlesTableViewController.m in Sources */,
				572722431D5E68530065705E /* ShoppingCartViewController.m in Sources */,
				57D210931D6AF008005D3FA3 /* URLConstants.m in Sources */,
				568FB3131B208DBB0045CF0F /* AppDelegate.m in Sources */,
				568FB31E1B208E990045CF0F /* SFHFKeychainUtils.m in Sources */,
				571AD4981D5B3AC300718BF1 /* ShopService.m in Sources */,
				56CB19981BEA59AD0094F507 /* AnalyticsManager.m in Sources */,
				5726671A1D62E91B00DFA34A /* NSUserDefaultsConstants.m in Sources */,
			);
			runOnlyForDeploymentPostprocessing = 0;
		};
		56B12C9A1B18883C002019B6 /* Sources */ = {
			isa = PBXSourcesBuildPhase;
			buildActionMask = 2147483647;
			files = (
				56B12CA51B18883C002019B6 /* hmprojectskeletonTests.m in Sources */,
			);
			runOnlyForDeploymentPostprocessing = 0;
		};
/* End PBXSourcesBuildPhase section */

/* Begin PBXTargetDependency section */
		56B12CA01B18883C002019B6 /* PBXTargetDependency */ = {
			isa = PBXTargetDependency;
			target = 56B12C841B18883C002019B6 /* hmprojectskeleton */;
			targetProxy = 56B12C9F1B18883C002019B6 /* PBXContainerItemProxy */;
		};
/* End PBXTargetDependency section */

/* Begin XCBuildConfiguration section */
		56B12CA61B18883C002019B6 /* Debug */ = {
			isa = XCBuildConfiguration;
			buildSettings = {
				ALWAYS_SEARCH_USER_PATHS = NO;
				CLANG_CXX_LANGUAGE_STANDARD = "gnu++0x";
				CLANG_CXX_LIBRARY = "libc++";
				CLANG_ENABLE_MODULES = YES;
				CLANG_ENABLE_OBJC_ARC = YES;
				CLANG_WARN_ASSIGN_ENUM = YES;
				CLANG_WARN_BOOL_CONVERSION = YES;
				CLANG_WARN_CONSTANT_CONVERSION = YES;
				CLANG_WARN_DEPRECATED_OBJC_IMPLEMENTATIONS = YES;
				CLANG_WARN_DIRECT_OBJC_ISA_USAGE = YES_ERROR;
				CLANG_WARN_EMPTY_BODY = YES;
				CLANG_WARN_ENUM_CONVERSION = YES;
				CLANG_WARN_INT_CONVERSION = YES;
				CLANG_WARN_OBJC_EXPLICIT_OWNERSHIP_TYPE = YES;
				CLANG_WARN_OBJC_IMPLICIT_RETAIN_SELF = YES;
				CLANG_WARN_OBJC_REPEATED_USE_OF_WEAK = YES;
				CLANG_WARN_OBJC_ROOT_CLASS = YES_ERROR;
				CLANG_WARN_SUSPICIOUS_IMPLICIT_CONVERSION = YES;
				CLANG_WARN_UNREACHABLE_CODE = YES;
				CLANG_WARN__DUPLICATE_METHOD_MATCH = YES;
				"CODE_SIGN_IDENTITY[sdk=iphoneos*]" = "iPhone Developer";
				COPY_PHASE_STRIP = NO;
				DEBUG_INFORMATION_FORMAT = "dwarf-with-dsym";
				ENABLE_STRICT_OBJC_MSGSEND = YES;
				GCC_C_LANGUAGE_STANDARD = gnu99;
				GCC_DYNAMIC_NO_PIC = NO;
				GCC_NO_COMMON_BLOCKS = YES;
				GCC_OPTIMIZATION_LEVEL = 0;
				GCC_PREPROCESSOR_DEFINITIONS = (
					"DEBUG=1",
					"$(inherited)",
				);
				GCC_SYMBOLS_PRIVATE_EXTERN = NO;
				GCC_TREAT_INCOMPATIBLE_POINTER_TYPE_WARNINGS_AS_ERRORS = YES;
				GCC_WARN_64_TO_32_BIT_CONVERSION = YES;
				GCC_WARN_ABOUT_MISSING_FIELD_INITIALIZERS = YES;
				GCC_WARN_ABOUT_RETURN_TYPE = YES_ERROR;
				GCC_WARN_SIGN_COMPARE = YES;
				GCC_WARN_UNDECLARED_SELECTOR = YES;
				GCC_WARN_UNINITIALIZED_AUTOS = YES_AGGRESSIVE;
				GCC_WARN_UNUSED_FUNCTION = YES;
				GCC_WARN_UNUSED_VARIABLE = YES;
				IPHONEOS_DEPLOYMENT_TARGET = 8.3;
				MTL_ENABLE_DEBUG_INFO = YES;
				ONLY_ACTIVE_ARCH = YES;
				SDKROOT = iphoneos;
			};
			name = Debug;
		};
		56B12CA71B18883C002019B6 /* Release */ = {
			isa = XCBuildConfiguration;
			buildSettings = {
				ALWAYS_SEARCH_USER_PATHS = NO;
				CLANG_CXX_LANGUAGE_STANDARD = "gnu++0x";
				CLANG_CXX_LIBRARY = "libc++";
				CLANG_ENABLE_MODULES = YES;
				CLANG_ENABLE_OBJC_ARC = YES;
				CLANG_WARN_ASSIGN_ENUM = YES;
				CLANG_WARN_BOOL_CONVERSION = YES;
				CLANG_WARN_CONSTANT_CONVERSION = YES;
				CLANG_WARN_DEPRECATED_OBJC_IMPLEMENTATIONS = YES;
				CLANG_WARN_DIRECT_OBJC_ISA_USAGE = YES_ERROR;
				CLANG_WARN_EMPTY_BODY = YES;
				CLANG_WARN_ENUM_CONVERSION = YES;
				CLANG_WARN_INT_CONVERSION = YES;
				CLANG_WARN_OBJC_EXPLICIT_OWNERSHIP_TYPE = YES;
				CLANG_WARN_OBJC_IMPLICIT_RETAIN_SELF = YES;
				CLANG_WARN_OBJC_REPEATED_USE_OF_WEAK = YES;
				CLANG_WARN_OBJC_ROOT_CLASS = YES_ERROR;
				CLANG_WARN_SUSPICIOUS_IMPLICIT_CONVERSION = YES;
				CLANG_WARN_UNREACHABLE_CODE = YES;
				CLANG_WARN__DUPLICATE_METHOD_MATCH = YES;
				"CODE_SIGN_IDENTITY[sdk=iphoneos*]" = "iPhone Developer";
				COPY_PHASE_STRIP = NO;
				DEBUG_INFORMATION_FORMAT = "dwarf-with-dsym";
				ENABLE_NS_ASSERTIONS = NO;
				ENABLE_STRICT_OBJC_MSGSEND = YES;
				GCC_C_LANGUAGE_STANDARD = gnu99;
				GCC_NO_COMMON_BLOCKS = YES;
				GCC_TREAT_INCOMPATIBLE_POINTER_TYPE_WARNINGS_AS_ERRORS = YES;
				GCC_WARN_64_TO_32_BIT_CONVERSION = YES;
				GCC_WARN_ABOUT_MISSING_FIELD_INITIALIZERS = YES;
				GCC_WARN_ABOUT_RETURN_TYPE = YES_ERROR;
				GCC_WARN_SIGN_COMPARE = YES;
				GCC_WARN_UNDECLARED_SELECTOR = YES;
				GCC_WARN_UNINITIALIZED_AUTOS = YES_AGGRESSIVE;
				GCC_WARN_UNUSED_FUNCTION = YES;
				GCC_WARN_UNUSED_VARIABLE = YES;
				IPHONEOS_DEPLOYMENT_TARGET = 8.3;
				MTL_ENABLE_DEBUG_INFO = NO;
				SDKROOT = iphoneos;
				VALIDATE_PRODUCT = YES;
			};
			name = Release;
		};
		56B12CA91B18883C002019B6 /* Debug */ = {
			isa = XCBuildConfiguration;
			baseConfigurationReference = D132B4DC5D81CB10343EC053 /* Pods-hmprojectskeleton.debug.xcconfig */;
			buildSettings = {
				ASSETCATALOG_COMPILER_APPICON_NAME = AppIcon;
				CLANG_WARN_OBJC_IMPLICIT_ATOMIC_PROPERTIES = YES;
				ENABLE_BITCODE = NO;
				FRAMEWORK_SEARCH_PATHS = (
					"$(inherited)",
					"$(PROJECT_DIR)/Pods/Fabric",
				);
				GCC_PRECOMPILE_PREFIX_HEADER = YES;
				GCC_PREFIX_HEADER = "hmprojectskeleton/Supporting Files/PrefixHeader.pch";
				GCC_WARN_ABOUT_MISSING_NEWLINE = YES;
				INFOPLIST_FILE = "$(SRCROOT)/hmprojectskeleton/Supporting Files/Info.plist";
				IPHONEOS_DEPLOYMENT_TARGET = 8.0;
				LD_RUNPATH_SEARCH_PATHS = "$(inherited) @executable_path/Frameworks";
				PRODUCT_NAME = "$(TARGET_NAME)";
			};
			name = Debug;
		};
		56B12CAA1B18883C002019B6 /* Release */ = {
			isa = XCBuildConfiguration;
			baseConfigurationReference = E445B44616C6C5DEE64AD759 /* Pods-hmprojectskeleton.release.xcconfig */;
			buildSettings = {
				ASSETCATALOG_COMPILER_APPICON_NAME = AppIcon;
				CLANG_WARN_OBJC_IMPLICIT_ATOMIC_PROPERTIES = YES;
				ENABLE_BITCODE = NO;
				FRAMEWORK_SEARCH_PATHS = (
					"$(inherited)",
					"$(PROJECT_DIR)/Pods/Fabric",
				);
				GCC_PRECOMPILE_PREFIX_HEADER = YES;
				GCC_PREFIX_HEADER = "hmprojectskeleton/Supporting Files/PrefixHeader.pch";
				GCC_WARN_ABOUT_MISSING_NEWLINE = YES;
				INFOPLIST_FILE = "$(SRCROOT)/hmprojectskeleton/Supporting Files/Info.plist";
				IPHONEOS_DEPLOYMENT_TARGET = 8.0;
				LD_RUNPATH_SEARCH_PATHS = "$(inherited) @executable_path/Frameworks";
				PRODUCT_NAME = "$(TARGET_NAME)";
			};
			name = Release;
		};
		56B12CAC1B18883C002019B6 /* Debug */ = {
			isa = XCBuildConfiguration;
			buildSettings = {
				BUNDLE_LOADER = "$(TEST_HOST)";
				FRAMEWORK_SEARCH_PATHS = (
					"$(SDKROOT)/Developer/Library/Frameworks",
					"$(inherited)",
				);
				GCC_PREPROCESSOR_DEFINITIONS = (
					"DEBUG=1",
					"$(inherited)",
				);
				INFOPLIST_FILE = hmprojectskeletonTests/Info.plist;
				LD_RUNPATH_SEARCH_PATHS = "$(inherited) @executable_path/Frameworks @loader_path/Frameworks";
				PRODUCT_NAME = "$(TARGET_NAME)";
				TEST_HOST = "$(BUILT_PRODUCTS_DIR)/hmprojectskeleton.app/hmprojectskeleton";
			};
			name = Debug;
		};
		56B12CAD1B18883C002019B6 /* Release */ = {
			isa = XCBuildConfiguration;
			buildSettings = {
				BUNDLE_LOADER = "$(TEST_HOST)";
				FRAMEWORK_SEARCH_PATHS = (
					"$(SDKROOT)/Developer/Library/Frameworks",
					"$(inherited)",
				);
				INFOPLIST_FILE = hmprojectskeletonTests/Info.plist;
				LD_RUNPATH_SEARCH_PATHS = "$(inherited) @executable_path/Frameworks @loader_path/Frameworks";
				PRODUCT_NAME = "$(TARGET_NAME)";
				TEST_HOST = "$(BUILT_PRODUCTS_DIR)/hmprojectskeleton.app/hmprojectskeleton";
			};
			name = Release;
		};
/* End XCBuildConfiguration section */

/* Begin XCConfigurationList section */
		56B12C801B18883C002019B6 /* Build configuration list for PBXProject "hmprojectskeleton" */ = {
			isa = XCConfigurationList;
			buildConfigurations = (
				56B12CA61B18883C002019B6 /* Debug */,
				56B12CA71B18883C002019B6 /* Release */,
			);
			defaultConfigurationIsVisible = 0;
			defaultConfigurationName = Release;
		};
		56B12CA81B18883C002019B6 /* Build configuration list for PBXNativeTarget "hmprojectskeleton" */ = {
			isa = XCConfigurationList;
			buildConfigurations = (
				56B12CA91B18883C002019B6 /* Debug */,
				56B12CAA1B18883C002019B6 /* Release */,
			);
			defaultConfigurationIsVisible = 0;
			defaultConfigurationName = Release;
		};
		56B12CAB1B18883C002019B6 /* Build configuration list for PBXNativeTarget "hmprojectskeletonTests" */ = {
			isa = XCConfigurationList;
			buildConfigurations = (
				56B12CAC1B18883C002019B6 /* Debug */,
				56B12CAD1B18883C002019B6 /* Release */,
			);
			defaultConfigurationIsVisible = 0;
			defaultConfigurationName = Release;
		};
/* End XCConfigurationList section */
	};
	rootObject = 56B12C7D1B18883C002019B6 /* Project object */;
}
